<?xml version="1.0" encoding="utf-8"?>
<Project ToolsVersion="4.0" xmlns="http://schemas.microsoft.com/developer/msbuild/2003">
  <ItemGroup>
    <Filter Include="pacing">
      <UniqueIdentifier>{45A993B5-2062-CAFA-B666-A3F26408DE77}</UniqueIdentifier>
    </Filter>
  </ItemGroup>
  <ItemGroup>
    <None Include="modules.gyp"/>
    <ClCompile Include="pacing\paced_sender_unittest.cc">
      <Filter>pacing</Filter>
    </ClCompile>
  </ItemGroup>
</Project>
