
Microsoft Visual Studio Solution File, Format Version 11.00
# Visual Studio 2010
Project("{2150E333-8FDC-42A3-9474-1A3956D46DE8}") = "(system_wrappers)", "(system_wrappers)", "{92847647-256C-4D96-91DD-E763A429E34C}"
EndProject
Project("{2150E333-8FDC-42A3-9474-1A3956D46DE8}") = "(source)", "(source)", "{ECC4BA08-A122-4D59-8672-47E657F0E8E9}"
EndProject
Project("{2150E333-8FDC-42A3-9474-1A3956D46DE8}") = "(modules)", "(modules)", "{E18B34BB-3964-4D8E-A64B-51625240C86C}"
EndProject
Project("{2150E333-8FDC-42A3-9474-1A3956D46DE8}") = "(third_party)", "(third_party)", "{CDE04E4D-D829-47FF-9D13-2621D92FE61E}"
EndProject
Project("{2150E333-8FDC-42A3-9474-1A3956D46DE8}") = "(protobuf)", "(protobuf)", "{06C2E551-EE96-4352-AF8D-84B764FBFF4C}"
EndProject
Project("{2150E333-8FDC-42A3-9474-1A3956D46DE8}") = "(common_audio)", "(common_audio)", "{46B5AC8C-FE09-4C41-A1FE-CAC0AD5AB679}"
EndProject
Project("{8BC9CEB8-8B4A-11D0-8D11-00A0C91BC942}") = "system_wrappers", "..\system_wrappers\source\system_wrappers.vcxproj", "{D2F33EF8-A855-D9EE-A0F1-6F13A3C5B5A1}"
EndProject
Project("{8BC9CEB8-8B4A-11D0-8D11-00A0C91BC942}") = "protobuf_full_do_not_use", "..\..\third_party\protobuf\protobuf_full_do_not_use.vcxproj", "{3DB31DFF-C8B4-31A5-BD7A-8E4169641476}"
EndProject
Project("{8BC9CEB8-8B4A-11D0-8D11-00A0C91BC942}") = "protobuf_lite", "..\..\third_party\protobuf\protobuf_lite.vcxproj", "{76D7B486-4769-68DF-4071-F7ADE35B3163}"
EndProject
Project("{8BC9CEB8-8B4A-11D0-8D11-00A0C91BC942}") = "protoc", "..\..\third_party\protobuf\protoc.vcxproj", "{39C658DD-755E-F44F-1B1D-7661C4912F7A}"
EndProject
Project("{8BC9CEB8-8B4A-11D0-8D11-00A0C91BC942}") = "audio_processing_sse2", "..\modules\audio_processing_sse2.vcxproj", "{8AA54DDF-3CE1-897D-496A-B36E5D47ACA4}"
EndProject
Project("{8BC9CEB8-8B4A-11D0-8D11-00A0C91BC942}") = "audioproc_debug_proto", "..\modules\audioproc_debug_proto.vcxproj", "{E5B5F17B-4451-4219-9751-7A4F748E2299}"
EndProject
Project("{8BC9CEB8-8B4A-11D0-8D11-00A0C91BC942}") = "CNG", "..\modules\CNG.vcxproj", "{7793322D-344F-A540-46CE-1A440352EA94}"
EndProject
Project("{8BC9CEB8-8B4A-11D0-8D11-00A0C91BC942}") = "G711", "..\modules\G711.vcxproj", "{518573AB-6E31-62AD-2674-0385853F52A5}"
EndProject
Project("{8BC9CEB8-8B4A-11D0-8D11-00A0C91BC942}") = "G722", "..\modules\G722.vcxproj", "{75508344-922D-6F4F-0475-A881CD69E664}"
EndProject
Project("{8BC9CEB8-8B4A-11D0-8D11-00A0C91BC942}") = "iLBC", "..\modules\iLBC.vcxproj", "{00646F58-7F8C-CA3F-B114-5DB05C67E460}"
EndProject
Project("{8BC9CEB8-8B4A-11D0-8D11-00A0C91BC942}") = "iSAC", "..\modules\iSAC.vcxproj", "{A9D439A2-0CC4-0889-1A26-584C6D25CCAA}"
EndProject
Project("{8BC9CEB8-8B4A-11D0-8D11-00A0C91BC942}") = "iSACFix", "..\modules\iSACFix.vcxproj", "{537DB342-F97F-6CBA-73BA-454C3A12FC8F}"
EndProject
Project("{8BC9CEB8-8B4A-11D0-8D11-00A0C91BC942}") = "media_file", "..\modules\media_file.vcxproj", "{B6F58918-D71D-5D77-0E1A-474F9501EB64}"
EndProject
Project("{8BC9CEB8-8B4A-11D0-8D11-00A0C91BC942}") = "NetEq", "..\modules\NetEq.vcxproj", "{FD5DB884-21D0-F8EF-1533-3160C4012BF7}"
EndProject
Project("{8BC9CEB8-8B4A-11D0-8D11-00A0C91BC942}") = "PCM16B", "..\modules\PCM16B.vcxproj", "{C6D8CA75-D3B5-06DF-111E-7C3EE4CCCBBA}"
EndProject
Project("{8BC9CEB8-8B4A-11D0-8D11-00A0C91BC942}") = "webrtc_utility", "..\modules\webrtc_utility.vcxproj", "{FD0C8ADE-E30C-7B92-07B8-00DF7E2DECE4}"
EndProject
Project("{8BC9CEB8-8B4A-11D0-8D11-00A0C91BC942}") = "resampler", "..\common_audio\resampler.vcxproj", "{13D3F3EC-97A2-CAF2-7DA1-D7CE39DDC85B}"
EndProject
Project("{8BC9CEB8-8B4A-11D0-8D11-00A0C91BC942}") = "signal_processing", "..\common_audio\signal_processing.vcxproj", "{2AEB13E4-2409-594F-9C79-5D1E7662E35E}"
EndProject
Project("{8BC9CEB8-8B4A-11D0-8D11-00A0C91BC942}") = "vad", "..\common_audio\vad.vcxproj", "{82827BDD-42DB-DAC8-66EA-9C900A84A8B5}"
EndProject
Project("{8BC9CEB8-8B4A-11D0-8D11-00A0C91BC942}") = "audio_device", "..\modules\audio_device.vcxproj", "{5B55FA63-0B36-463A-F0D0-78FCFEEBC727}"
EndProject
Project("{8BC9CEB8-8B4A-11D0-8D11-00A0C91BC942}") = "audio_coding_module", "..\modules\audio_coding_module.vcxproj", "{618CF3B9-4083-51B8-3259-983BC78EEF3D}"
EndProject
Project("{8BC9CEB8-8B4A-11D0-8D11-00A0C91BC942}") = "audio_conference_mixer", "..\modules\audio_conference_mixer.vcxproj", "{64BF765D-3AA2-3FDF-38EB-8D1BBEF1719B}"
EndProject
Project("{2150E333-8FDC-42A3-9474-1A3956D46DE8}") = "(engine)", "(engine)", "{E642806D-85B1-4730-B80B-82B2A6499543}"
EndProject
Project("{8BC9CEB8-8B4A-11D0-8D11-00A0C91BC942}") = "media_engine", "media_engine.vcxproj", "{9541F92A-4E00-4935-9E27-781CCD888801}"
EndProject
Project("{8BC9CEB8-8B4A-11D0-8D11-00A0C91BC942}") = "engine_gui_test", "engine_gui_test.vcxproj", "{A75D55CD-D278-440C-8EFC-228A51EF3A7D}"
	ProjectSection(ProjectDependencies) = postProject
		{9541F92A-4E00-4935-9E27-781CCD888801} = {9541F92A-4E00-4935-9E27-781CCD888801}
	EndProjectSection
EndProject
Project("{8BC9CEB8-8B4A-11D0-8D11-00A0C91BC942}") = "webrtc_opus", "..\modules\webrtc_opus.vcxproj", "{0F425C0C-9F37-A683-1CFC-EF406BD8E659}"
EndProject
Project("{8BC9CEB8-8B4A-11D0-8D11-00A0C91BC942}") = "opus", "..\..\third_party\opus\opus.vcxproj", "{33956A86-5CD9-4C0A-4CF3-3905144E34E6}"
EndProject
Project("{8BC9CEB8-8B4A-11D0-8D11-00A0C91BC942}") = "audio_processing", "..\modules\audio_processing.vcxproj", "{DDD92A8D-E011-40AE-BC0B-C7ECE211BA87}"
	ProjectSection(ProjectDependencies) = postProject
		{E5B5F17B-4451-4219-9751-7A4F748E2299} = {E5B5F17B-4451-4219-9751-7A4F748E2299}
	EndProjectSection
EndProject
Project("{8BC9CEB8-8B4A-11D0-8D11-00A0C91BC942}") = "rtp_rtcp", "..\modules\rtp_rtcp.vcxproj", "{BD7C8258-9E49-BEF7-3A7D-A52E834A2E28}"
EndProject
Project("{8BC9CEB8-8B4A-11D0-8D11-00A0C91BC942}") = "remote_bitrate_estimator", "..\modules\remote_bitrate_estimator.vcxproj", "{6EBA1C9B-99CF-3FBA-F5F8-DDDD7B454800}"
EndProject
Project("{8BC9CEB8-8B4A-11D0-8D11-00A0C91BC942}") = "webrtc_amrwb", "..\modules\webrtc_amrwb.vcxproj", "{1C2E4877-493D-4AF3-9A5C-F394802D3333}"
EndProject
Project("{8BC9CEB8-8B4A-11D0-8D11-00A0C91BC942}") = "amrwb", "..\..\third_party\amrwb\amrwb.vcxproj", "{8E37FE90-131D-447C-8FCB-84164F3B3876}"
EndProject
Project("{8BC9CEB8-8B4A-11D0-8D11-00A0C91BC942}") = "audio_data_segment", "..\modules\audio_data_segment.vcxproj", "{7AFC2EFA-F59A-47DA-90CA-CD7B385399AE}"
EndProject
Global
	GlobalSection(SolutionConfigurationPlatforms) = preSolution
		Debug|Win32 = Debug|Win32
		Debug|x64 = Debug|x64
		Release|Win32 = Release|Win32
		Release|x64 = Release|x64
	EndGlobalSection
	GlobalSection(ProjectConfigurationPlatforms) = postSolution
		{D2F33EF8-A855-D9EE-A0F1-6F13A3C5B5A1}.Debug|Win32.ActiveCfg = Debug|Win32
		{D2F33EF8-A855-D9EE-A0F1-6F13A3C5B5A1}.Debug|Win32.Build.0 = Debug|Win32
		{D2F33EF8-A855-D9EE-A0F1-6F13A3C5B5A1}.Debug|x64.ActiveCfg = Debug|x64
		{D2F33EF8-A855-D9EE-A0F1-6F13A3C5B5A1}.Debug|x64.Build.0 = Debug|x64
		{D2F33EF8-A855-D9EE-A0F1-6F13A3C5B5A1}.Release|Win32.ActiveCfg = Release|Win32
		{D2F33EF8-A855-D9EE-A0F1-6F13A3C5B5A1}.Release|Win32.Build.0 = Release|Win32
		{D2F33EF8-A855-D9EE-A0F1-6F13A3C5B5A1}.Release|x64.ActiveCfg = Release|x64
		{D2F33EF8-A855-D9EE-A0F1-6F13A3C5B5A1}.Release|x64.Build.0 = Release|x64
		{3DB31DFF-C8B4-31A5-BD7A-8E4169641476}.Debug|Win32.ActiveCfg = Debug|Win32
		{3DB31DFF-C8B4-31A5-BD7A-8E4169641476}.Debug|Win32.Build.0 = Debug|Win32
		{3DB31DFF-C8B4-31A5-BD7A-8E4169641476}.Debug|x64.ActiveCfg = Debug|x64
		{3DB31DFF-C8B4-31A5-BD7A-8E4169641476}.Debug|x64.Build.0 = Debug|x64
		{3DB31DFF-C8B4-31A5-BD7A-8E4169641476}.Release|Win32.ActiveCfg = Release|Win32
		{3DB31DFF-C8B4-31A5-BD7A-8E4169641476}.Release|Win32.Build.0 = Release|Win32
		{3DB31DFF-C8B4-31A5-BD7A-8E4169641476}.Release|x64.ActiveCfg = Release|x64
		{3DB31DFF-C8B4-31A5-BD7A-8E4169641476}.Release|x64.Build.0 = Release|x64
		{76D7B486-4769-68DF-4071-F7ADE35B3163}.Debug|Win32.ActiveCfg = Debug|Win32
		{76D7B486-4769-68DF-4071-F7ADE35B3163}.Debug|Win32.Build.0 = Debug|Win32
		{76D7B486-4769-68DF-4071-F7ADE35B3163}.Debug|x64.ActiveCfg = Debug|x64
		{76D7B486-4769-68DF-4071-F7ADE35B3163}.Debug|x64.Build.0 = Debug|x64
		{76D7B486-4769-68DF-4071-F7ADE35B3163}.Release|Win32.ActiveCfg = Release|Win32
		{76D7B486-4769-68DF-4071-F7ADE35B3163}.Release|Win32.Build.0 = Release|Win32
		{76D7B486-4769-68DF-4071-F7ADE35B3163}.Release|x64.ActiveCfg = Release|x64
		{76D7B486-4769-68DF-4071-F7ADE35B3163}.Release|x64.Build.0 = Release|x64
		{39C658DD-755E-F44F-1B1D-7661C4912F7A}.Debug|Win32.ActiveCfg = Debug|Win32
		{39C658DD-755E-F44F-1B1D-7661C4912F7A}.Debug|Win32.Build.0 = Debug|Win32
		{39C658DD-755E-F44F-1B1D-7661C4912F7A}.Debug|x64.ActiveCfg = Debug|x64
		{39C658DD-755E-F44F-1B1D-7661C4912F7A}.Debug|x64.Build.0 = Debug|x64
		{39C658DD-755E-F44F-1B1D-7661C4912F7A}.Release|Win32.ActiveCfg = Release|Win32
		{39C658DD-755E-F44F-1B1D-7661C4912F7A}.Release|Win32.Build.0 = Release|Win32
		{39C658DD-755E-F44F-1B1D-7661C4912F7A}.Release|x64.ActiveCfg = Release|x64
		{39C658DD-755E-F44F-1B1D-7661C4912F7A}.Release|x64.Build.0 = Release|x64
		{8AA54DDF-3CE1-897D-496A-B36E5D47ACA4}.Debug|Win32.ActiveCfg = Debug|Win32
		{8AA54DDF-3CE1-897D-496A-B36E5D47ACA4}.Debug|Win32.Build.0 = Debug|Win32
		{8AA54DDF-3CE1-897D-496A-B36E5D47ACA4}.Debug|x64.ActiveCfg = Debug|x64
		{8AA54DDF-3CE1-897D-496A-B36E5D47ACA4}.Debug|x64.Build.0 = Debug|x64
		{8AA54DDF-3CE1-897D-496A-B36E5D47ACA4}.Release|Win32.ActiveCfg = Release|Win32
		{8AA54DDF-3CE1-897D-496A-B36E5D47ACA4}.Release|Win32.Build.0 = Release|Win32
		{8AA54DDF-3CE1-897D-496A-B36E5D47ACA4}.Release|x64.ActiveCfg = Release|x64
		{8AA54DDF-3CE1-897D-496A-B36E5D47ACA4}.Release|x64.Build.0 = Release|x64
		{E5B5F17B-4451-4219-9751-7A4F748E2299}.Debug|Win32.ActiveCfg = Debug|Win32
		{E5B5F17B-4451-4219-9751-7A4F748E2299}.Debug|Win32.Build.0 = Debug|Win32
		{E5B5F17B-4451-4219-9751-7A4F748E2299}.Debug|x64.ActiveCfg = Debug|x64
		{E5B5F17B-4451-4219-9751-7A4F748E2299}.Debug|x64.Build.0 = Debug|x64
		{E5B5F17B-4451-4219-9751-7A4F748E2299}.Release|Win32.ActiveCfg = Release|Win32
		{E5B5F17B-4451-4219-9751-7A4F748E2299}.Release|Win32.Build.0 = Release|Win32
		{E5B5F17B-4451-4219-9751-7A4F748E2299}.Release|x64.ActiveCfg = Release|x64
		{E5B5F17B-4451-4219-9751-7A4F748E2299}.Release|x64.Build.0 = Release|x64
		{7793322D-344F-A540-46CE-1A440352EA94}.Debug|Win32.ActiveCfg = Debug|Win32
		{7793322D-344F-A540-46CE-1A440352EA94}.Debug|Win32.Build.0 = Debug|Win32
		{7793322D-344F-A540-46CE-1A440352EA94}.Debug|x64.ActiveCfg = Debug|x64
		{7793322D-344F-A540-46CE-1A440352EA94}.Debug|x64.Build.0 = Debug|x64
		{7793322D-344F-A540-46CE-1A440352EA94}.Release|Win32.ActiveCfg = Release|Win32
		{7793322D-344F-A540-46CE-1A440352EA94}.Release|Win32.Build.0 = Release|Win32
		{7793322D-344F-A540-46CE-1A440352EA94}.Release|x64.ActiveCfg = Release|x64
		{7793322D-344F-A540-46CE-1A440352EA94}.Release|x64.Build.0 = Release|x64
		{518573AB-6E31-62AD-2674-0385853F52A5}.Debug|Win32.ActiveCfg = Debug|Win32
		{518573AB-6E31-62AD-2674-0385853F52A5}.Debug|Win32.Build.0 = Debug|Win32
		{518573AB-6E31-62AD-2674-0385853F52A5}.Debug|x64.ActiveCfg = Debug|x64
		{518573AB-6E31-62AD-2674-0385853F52A5}.Debug|x64.Build.0 = Debug|x64
		{518573AB-6E31-62AD-2674-0385853F52A5}.Release|Win32.ActiveCfg = Release|Win32
		{518573AB-6E31-62AD-2674-0385853F52A5}.Release|Win32.Build.0 = Release|Win32
		{518573AB-6E31-62AD-2674-0385853F52A5}.Release|x64.ActiveCfg = Release|x64
		{518573AB-6E31-62AD-2674-0385853F52A5}.Release|x64.Build.0 = Release|x64
		{75508344-922D-6F4F-0475-A881CD69E664}.Debug|Win32.ActiveCfg = Debug|Win32
		{75508344-922D-6F4F-0475-A881CD69E664}.Debug|Win32.Build.0 = Debug|Win32
		{75508344-922D-6F4F-0475-A881CD69E664}.Debug|x64.ActiveCfg = Debug|x64
		{75508344-922D-6F4F-0475-A881CD69E664}.Debug|x64.Build.0 = Debug|x64
		{75508344-922D-6F4F-0475-A881CD69E664}.Release|Win32.ActiveCfg = Release|Win32
		{75508344-922D-6F4F-0475-A881CD69E664}.Release|Win32.Build.0 = Release|Win32
		{75508344-922D-6F4F-0475-A881CD69E664}.Release|x64.ActiveCfg = Release|x64
		{75508344-922D-6F4F-0475-A881CD69E664}.Release|x64.Build.0 = Release|x64
		{00646F58-7F8C-CA3F-B114-5DB05C67E460}.Debug|Win32.ActiveCfg = Debug|Win32
		{00646F58-7F8C-CA3F-B114-5DB05C67E460}.Debug|Win32.Build.0 = Debug|Win32
		{00646F58-7F8C-CA3F-B114-5DB05C67E460}.Debug|x64.ActiveCfg = Debug|x64
		{00646F58-7F8C-CA3F-B114-5DB05C67E460}.Debug|x64.Build.0 = Debug|x64
		{00646F58-7F8C-CA3F-B114-5DB05C67E460}.Release|Win32.ActiveCfg = Release|Win32
		{00646F58-7F8C-CA3F-B114-5DB05C67E460}.Release|Win32.Build.0 = Release|Win32
		{00646F58-7F8C-CA3F-B114-5DB05C67E460}.Release|x64.ActiveCfg = Release|x64
		{00646F58-7F8C-CA3F-B114-5DB05C67E460}.Release|x64.Build.0 = Release|x64
		{A9D439A2-0CC4-0889-1A26-584C6D25CCAA}.Debug|Win32.ActiveCfg = Debug|Win32
		{A9D439A2-0CC4-0889-1A26-584C6D25CCAA}.Debug|Win32.Build.0 = Debug|Win32
		{A9D439A2-0CC4-0889-1A26-584C6D25CCAA}.Debug|x64.ActiveCfg = Debug|x64
		{A9D439A2-0CC4-0889-1A26-584C6D25CCAA}.Debug|x64.Build.0 = Debug|x64
		{A9D439A2-0CC4-0889-1A26-584C6D25CCAA}.Release|Win32.ActiveCfg = Release|Win32
		{A9D439A2-0CC4-0889-1A26-584C6D25CCAA}.Release|Win32.Build.0 = Release|Win32
		{A9D439A2-0CC4-0889-1A26-584C6D25CCAA}.Release|x64.ActiveCfg = Release|x64
		{A9D439A2-0CC4-0889-1A26-584C6D25CCAA}.Release|x64.Build.0 = Release|x64
		{537DB342-F97F-6CBA-73BA-454C3A12FC8F}.Debug|Win32.ActiveCfg = Debug|Win32
		{537DB342-F97F-6CBA-73BA-454C3A12FC8F}.Debug|Win32.Build.0 = Debug|Win32
		{537DB342-F97F-6CBA-73BA-454C3A12FC8F}.Debug|x64.ActiveCfg = Debug|x64
		{537DB342-F97F-6CBA-73BA-454C3A12FC8F}.Debug|x64.Build.0 = Debug|x64
		{537DB342-F97F-6CBA-73BA-454C3A12FC8F}.Release|Win32.ActiveCfg = Release|Win32
		{537DB342-F97F-6CBA-73BA-454C3A12FC8F}.Release|Win32.Build.0 = Release|Win32
		{537DB342-F97F-6CBA-73BA-454C3A12FC8F}.Release|x64.ActiveCfg = Release|x64
		{537DB342-F97F-6CBA-73BA-454C3A12FC8F}.Release|x64.Build.0 = Release|x64
		{B6F58918-D71D-5D77-0E1A-474F9501EB64}.Debug|Win32.ActiveCfg = Debug|Win32
		{B6F58918-D71D-5D77-0E1A-474F9501EB64}.Debug|Win32.Build.0 = Debug|Win32
		{B6F58918-D71D-5D77-0E1A-474F9501EB64}.Debug|x64.ActiveCfg = Debug|x64
		{B6F58918-D71D-5D77-0E1A-474F9501EB64}.Debug|x64.Build.0 = Debug|x64
		{B6F58918-D71D-5D77-0E1A-474F9501EB64}.Release|Win32.ActiveCfg = Release|Win32
		{B6F58918-D71D-5D77-0E1A-474F9501EB64}.Release|Win32.Build.0 = Release|Win32
		{B6F58918-D71D-5D77-0E1A-474F9501EB64}.Release|x64.ActiveCfg = Release|x64
		{B6F58918-D71D-5D77-0E1A-474F9501EB64}.Release|x64.Build.0 = Release|x64
		{FD5DB884-21D0-F8EF-1533-3160C4012BF7}.Debug|Win32.ActiveCfg = Debug|Win32
		{FD5DB884-21D0-F8EF-1533-3160C4012BF7}.Debug|Win32.Build.0 = Debug|Win32
		{FD5DB884-21D0-F8EF-1533-3160C4012BF7}.Debug|x64.ActiveCfg = Debug|x64
		{FD5DB884-21D0-F8EF-1533-3160C4012BF7}.Debug|x64.Build.0 = Debug|x64
		{FD5DB884-21D0-F8EF-1533-3160C4012BF7}.Release|Win32.ActiveCfg = Release|Win32
		{FD5DB884-21D0-F8EF-1533-3160C4012BF7}.Release|Win32.Build.0 = Release|Win32
		{FD5DB884-21D0-F8EF-1533-3160C4012BF7}.Release|x64.ActiveCfg = Release|x64
		{FD5DB884-21D0-F8EF-1533-3160C4012BF7}.Release|x64.Build.0 = Release|x64
		{C6D8CA75-D3B5-06DF-111E-7C3EE4CCCBBA}.Debug|Win32.ActiveCfg = Debug|Win32
		{C6D8CA75-D3B5-06DF-111E-7C3EE4CCCBBA}.Debug|Win32.Build.0 = Debug|Win32
		{C6D8CA75-D3B5-06DF-111E-7C3EE4CCCBBA}.Debug|x64.ActiveCfg = Debug|x64
		{C6D8CA75-D3B5-06DF-111E-7C3EE4CCCBBA}.Debug|x64.Build.0 = Debug|x64
		{C6D8CA75-D3B5-06DF-111E-7C3EE4CCCBBA}.Release|Win32.ActiveCfg = Release|Win32
		{C6D8CA75-D3B5-06DF-111E-7C3EE4CCCBBA}.Release|Win32.Build.0 = Release|Win32
		{C6D8CA75-D3B5-06DF-111E-7C3EE4CCCBBA}.Release|x64.ActiveCfg = Release|x64
		{C6D8CA75-D3B5-06DF-111E-7C3EE4CCCBBA}.Release|x64.Build.0 = Release|x64
		{FD0C8ADE-E30C-7B92-07B8-00DF7E2DECE4}.Debug|Win32.ActiveCfg = Debug|Win32
		{FD0C8ADE-E30C-7B92-07B8-00DF7E2DECE4}.Debug|Win32.Build.0 = Debug|Win32
		{FD0C8ADE-E30C-7B92-07B8-00DF7E2DECE4}.Debug|x64.ActiveCfg = Debug|x64
		{FD0C8ADE-E30C-7B92-07B8-00DF7E2DECE4}.Debug|x64.Build.0 = Debug|x64
		{FD0C8ADE-E30C-7B92-07B8-00DF7E2DECE4}.Release|Win32.ActiveCfg = Release|Win32
		{FD0C8ADE-E30C-7B92-07B8-00DF7E2DECE4}.Release|Win32.Build.0 = Release|Win32
		{FD0C8ADE-E30C-7B92-07B8-00DF7E2DECE4}.Release|x64.ActiveCfg = Release|x64
		{FD0C8ADE-E30C-7B92-07B8-00DF7E2DECE4}.Release|x64.Build.0 = Release|x64
		{13D3F3EC-97A2-CAF2-7DA1-D7CE39DDC85B}.Debug|Win32.ActiveCfg = Debug|Win32
		{13D3F3EC-97A2-CAF2-7DA1-D7CE39DDC85B}.Debug|Win32.Build.0 = Debug|Win32
		{13D3F3EC-97A2-CAF2-7DA1-D7CE39DDC85B}.Debug|x64.ActiveCfg = Debug|x64
		{13D3F3EC-97A2-CAF2-7DA1-D7CE39DDC85B}.Debug|x64.Build.0 = Debug|x64
		{13D3F3EC-97A2-CAF2-7DA1-D7CE39DDC85B}.Release|Win32.ActiveCfg = Release|Win32
		{13D3F3EC-97A2-CAF2-7DA1-D7CE39DDC85B}.Release|Win32.Build.0 = Release|Win32
		{13D3F3EC-97A2-CAF2-7DA1-D7CE39DDC85B}.Release|x64.ActiveCfg = Release|x64
		{13D3F3EC-97A2-CAF2-7DA1-D7CE39DDC85B}.Release|x64.Build.0 = Release|x64
		{2AEB13E4-2409-594F-9C79-5D1E7662E35E}.Debug|Win32.ActiveCfg = Debug|Win32
		{2AEB13E4-2409-594F-9C79-5D1E7662E35E}.Debug|Win32.Build.0 = Debug|Win32
		{2AEB13E4-2409-594F-9C79-5D1E7662E35E}.Debug|x64.ActiveCfg = Debug|x64
		{2AEB13E4-2409-594F-9C79-5D1E7662E35E}.Debug|x64.Build.0 = Debug|x64
		{2AEB13E4-2409-594F-9C79-5D1E7662E35E}.Release|Win32.ActiveCfg = Release|Win32
		{2AEB13E4-2409-594F-9C79-5D1E7662E35E}.Release|Win32.Build.0 = Release|Win32
		{2AEB13E4-2409-594F-9C79-5D1E7662E35E}.Release|x64.ActiveCfg = Release|x64
		{2AEB13E4-2409-594F-9C79-5D1E7662E35E}.Release|x64.Build.0 = Release|x64
		{82827BDD-42DB-DAC8-66EA-9C900A84A8B5}.Debug|Win32.ActiveCfg = Debug|Win32
		{82827BDD-42DB-DAC8-66EA-9C900A84A8B5}.Debug|Win32.Build.0 = Debug|Win32
		{82827BDD-42DB-DAC8-66EA-9C900A84A8B5}.Debug|x64.ActiveCfg = Debug|x64
		{82827BDD-42DB-DAC8-66EA-9C900A84A8B5}.Debug|x64.Build.0 = Debug|x64
		{82827BDD-42DB-DAC8-66EA-9C900A84A8B5}.Release|Win32.ActiveCfg = Release|Win32
		{82827BDD-42DB-DAC8-66EA-9C900A84A8B5}.Release|Win32.Build.0 = Release|Win32
		{82827BDD-42DB-DAC8-66EA-9C900A84A8B5}.Release|x64.ActiveCfg = Release|x64
		{82827BDD-42DB-DAC8-66EA-9C900A84A8B5}.Release|x64.Build.0 = Release|x64
		{5B55FA63-0B36-463A-F0D0-78FCFEEBC727}.Debug|Win32.ActiveCfg = Debug|Win32
		{5B55FA63-0B36-463A-F0D0-78FCFEEBC727}.Debug|Win32.Build.0 = Debug|Win32
		{5B55FA63-0B36-463A-F0D0-78FCFEEBC727}.Debug|x64.ActiveCfg = Debug|x64
		{5B55FA63-0B36-463A-F0D0-78FCFEEBC727}.Debug|x64.Build.0 = Debug|x64
		{5B55FA63-0B36-463A-F0D0-78FCFEEBC727}.Release|Win32.ActiveCfg = Release|Win32
		{5B55FA63-0B36-463A-F0D0-78FCFEEBC727}.Release|Win32.Build.0 = Release|Win32
		{5B55FA63-0B36-463A-F0D0-78FCFEEBC727}.Release|x64.ActiveCfg = Release|x64
		{5B55FA63-0B36-463A-F0D0-78FCFEEBC727}.Release|x64.Build.0 = Release|x64
		{618CF3B9-4083-51B8-3259-983BC78EEF3D}.Debug|Win32.ActiveCfg = Debug|Win32
		{618CF3B9-4083-51B8-3259-983BC78EEF3D}.Debug|Win32.Build.0 = Debug|Win32
		{618CF3B9-4083-51B8-3259-983BC78EEF3D}.Debug|x64.ActiveCfg = Debug|x64
		{618CF3B9-4083-51B8-3259-983BC78EEF3D}.Debug|x64.Build.0 = Debug|x64
		{618CF3B9-4083-51B8-3259-983BC78EEF3D}.Release|Win32.ActiveCfg = Release|Win32
		{618CF3B9-4083-51B8-3259-983BC78EEF3D}.Release|Win32.Build.0 = Release|Win32
		{618CF3B9-4083-51B8-3259-983BC78EEF3D}.Release|x64.ActiveCfg = Release|x64
		{618CF3B9-4083-51B8-3259-983BC78EEF3D}.Release|x64.Build.0 = Release|x64
		{64BF765D-3AA2-3FDF-38EB-8D1BBEF1719B}.Debug|Win32.ActiveCfg = Debug|Win32
		{64BF765D-3AA2-3FDF-38EB-8D1BBEF1719B}.Debug|Win32.Build.0 = Debug|Win32
		{64BF765D-3AA2-3FDF-38EB-8D1BBEF1719B}.Debug|x64.ActiveCfg = Debug|x64
		{64BF765D-3AA2-3FDF-38EB-8D1BBEF1719B}.Debug|x64.Build.0 = Debug|x64
		{64BF765D-3AA2-3FDF-38EB-8D1BBEF1719B}.Release|Win32.ActiveCfg = Release|Win32
		{64BF765D-3AA2-3FDF-38EB-8D1BBEF1719B}.Release|Win32.Build.0 = Release|Win32
		{64BF765D-3AA2-3FDF-38EB-8D1BBEF1719B}.Release|x64.ActiveCfg = Release|x64
		{64BF765D-3AA2-3FDF-38EB-8D1BBEF1719B}.Release|x64.Build.0 = Release|x64
		{9541F92A-4E00-4935-9E27-781CCD888801}.Debug|Win32.ActiveCfg = Debug|Win32
		{9541F92A-4E00-4935-9E27-781CCD888801}.Debug|Win32.Build.0 = Debug|Win32
		{9541F92A-4E00-4935-9E27-781CCD888801}.Debug|x64.ActiveCfg = Debug|Win32
		{9541F92A-4E00-4935-9E27-781CCD888801}.Release|Win32.ActiveCfg = Release|Win32
		{9541F92A-4E00-4935-9E27-781CCD888801}.Release|Win32.Build.0 = Release|Win32
		{9541F92A-4E00-4935-9E27-781CCD888801}.Release|x64.ActiveCfg = Release|Win32
		{A75D55CD-D278-440C-8EFC-228A51EF3A7D}.Debug|Win32.ActiveCfg = Debug|Win32
		{A75D55CD-D278-440C-8EFC-228A51EF3A7D}.Debug|Win32.Build.0 = Debug|Win32
		{A75D55CD-D278-440C-8EFC-228A51EF3A7D}.Debug|x64.ActiveCfg = Debug|Win32
		{A75D55CD-D278-440C-8EFC-228A51EF3A7D}.Release|Win32.ActiveCfg = Release|Win32
		{A75D55CD-D278-440C-8EFC-228A51EF3A7D}.Release|Win32.Build.0 = Release|Win32
		{A75D55CD-D278-440C-8EFC-228A51EF3A7D}.Release|x64.ActiveCfg = Release|Win32
		{0F425C0C-9F37-A683-1CFC-EF406BD8E659}.Debug|Win32.ActiveCfg = Debug|Win32
		{0F425C0C-9F37-A683-1CFC-EF406BD8E659}.Debug|Win32.Build.0 = Debug|Win32
		{0F425C0C-9F37-A683-1CFC-EF406BD8E659}.Debug|x64.ActiveCfg = Debug|x64
		{0F425C0C-9F37-A683-1CFC-EF406BD8E659}.Debug|x64.Build.0 = Debug|x64
		{0F425C0C-9F37-A683-1CFC-EF406BD8E659}.Release|Win32.ActiveCfg = Release|Win32
		{0F425C0C-9F37-A683-1CFC-EF406BD8E659}.Release|Win32.Build.0 = Release|Win32
		{0F425C0C-9F37-A683-1CFC-EF406BD8E659}.Release|x64.ActiveCfg = Release|x64
		{0F425C0C-9F37-A683-1CFC-EF406BD8E659}.Release|x64.Build.0 = Release|x64
		{33956A86-5CD9-4C0A-4CF3-3905144E34E6}.Debug|Win32.ActiveCfg = Debug|Win32
		{33956A86-5CD9-4C0A-4CF3-3905144E34E6}.Debug|Win32.Build.0 = Debug|Win32
		{33956A86-5CD9-4C0A-4CF3-3905144E34E6}.Debug|x64.ActiveCfg = Debug|x64
		{33956A86-5CD9-4C0A-4CF3-3905144E34E6}.Debug|x64.Build.0 = Debug|x64
		{33956A86-5CD9-4C0A-4CF3-3905144E34E6}.Release|Win32.ActiveCfg = Release|Win32
		{33956A86-5CD9-4C0A-4CF3-3905144E34E6}.Release|Win32.Build.0 = Release|Win32
		{33956A86-5CD9-4C0A-4CF3-3905144E34E6}.Release|x64.ActiveCfg = Release|x64
		{33956A86-5CD9-4C0A-4CF3-3905144E34E6}.Release|x64.Build.0 = Release|x64
		{DDD92A8D-E011-40AE-BC0B-C7ECE211BA87}.Debug|Win32.ActiveCfg = Debug|Win32
		{DDD92A8D-E011-40AE-BC0B-C7ECE211BA87}.Debug|Win32.Build.0 = Debug|Win32
		{DDD92A8D-E011-40AE-BC0B-C7ECE211BA87}.Debug|x64.ActiveCfg = Debug|Win32
		{DDD92A8D-E011-40AE-BC0B-C7ECE211BA87}.Release|Win32.ActiveCfg = Release|Win32
		{DDD92A8D-E011-40AE-BC0B-C7ECE211BA87}.Release|Win32.Build.0 = Release|Win32
		{DDD92A8D-E011-40AE-BC0B-C7ECE211BA87}.Release|x64.ActiveCfg = Release|Win32
		{BD7C8258-9E49-BEF7-3A7D-A52E834A2E28}.Debug|Win32.ActiveCfg = Debug|Win32
		{BD7C8258-9E49-BEF7-3A7D-A52E834A2E28}.Debug|Win32.Build.0 = Debug|Win32
		{BD7C8258-9E49-BEF7-3A7D-A52E834A2E28}.Debug|x64.ActiveCfg = Debug|x64
		{BD7C8258-9E49-BEF7-3A7D-A52E834A2E28}.Debug|x64.Build.0 = Debug|x64
		{BD7C8258-9E49-BEF7-3A7D-A52E834A2E28}.Release|Win32.ActiveCfg = Release|Win32
		{BD7C8258-9E49-BEF7-3A7D-A52E834A2E28}.Release|Win32.Build.0 = Release|Win32
		{BD7C8258-9E49-BEF7-3A7D-A52E834A2E28}.Release|x64.ActiveCfg = Release|x64
		{BD7C8258-9E49-BEF7-3A7D-A52E834A2E28}.Release|x64.Build.0 = Release|x64
		{6EBA1C9B-99CF-3FBA-F5F8-DDDD7B454800}.Debug|Win32.ActiveCfg = Debug|Win32
		{6EBA1C9B-99CF-3FBA-F5F8-DDDD7B454800}.Debug|Win32.Build.0 = Debug|Win32
		{6EBA1C9B-99CF-3FBA-F5F8-DDDD7B454800}.Debug|x64.ActiveCfg = Debug|x64
		{6EBA1C9B-99CF-3FBA-F5F8-DDDD7B454800}.Debug|x64.Build.0 = Debug|x64
		{6EBA1C9B-99CF-3FBA-F5F8-DDDD7B454800}.Release|Win32.ActiveCfg = Release|Win32
		{6EBA1C9B-99CF-3FBA-F5F8-DDDD7B454800}.Release|Win32.Build.0 = Release|Win32
		{6EBA1C9B-99CF-3FBA-F5F8-DDDD7B454800}.Release|x64.ActiveCfg = Release|x64
		{6EBA1C9B-99CF-3FBA-F5F8-DDDD7B454800}.Release|x64.Build.0 = Release|x64
		{1C2E4877-493D-4AF3-9A5C-F394802D3333}.Debug|Win32.ActiveCfg = Debug|Win32
		{1C2E4877-493D-4AF3-9A5C-F394802D3333}.Debug|Win32.Build.0 = Debug|Win32
		{1C2E4877-493D-4AF3-9A5C-F394802D3333}.Debug|x64.ActiveCfg = Debug|Win32
		{1C2E4877-493D-4AF3-9A5C-F394802D3333}.Release|Win32.ActiveCfg = Release|Win32
		{1C2E4877-493D-4AF3-9A5C-F394802D3333}.Release|Win32.Build.0 = Release|Win32
		{1C2E4877-493D-4AF3-9A5C-F394802D3333}.Release|x64.ActiveCfg = Release|Win32
		{8E37FE90-131D-447C-8FCB-84164F3B3876}.Debug|Win32.ActiveCfg = Debug|Win32
		{8E37FE90-131D-447C-8FCB-84164F3B3876}.Debug|Win32.Build.0 = Debug|Win32
		{8E37FE90-131D-447C-8FCB-84164F3B3876}.Debug|x64.ActiveCfg = Debug|Win32
		{8E37FE90-131D-447C-8FCB-84164F3B3876}.Release|Win32.ActiveCfg = Release|Win32
		{8E37FE90-131D-447C-8FCB-84164F3B3876}.Release|Win32.Build.0 = Release|Win32
		{8E37FE90-131D-447C-8FCB-84164F3B3876}.Release|x64.ActiveCfg = Release|Win32
		{7AFC2EFA-F59A-47DA-90CA-CD7B385399AE}.Debug|Win32.ActiveCfg = Debug|Win32
		{7AFC2EFA-F59A-47DA-90CA-CD7B385399AE}.Debug|Win32.Build.0 = Debug|Win32
		{7AFC2EFA-F59A-47DA-90CA-CD7B385399AE}.Debug|x64.ActiveCfg = Debug|Win32
		{7AFC2EFA-F59A-47DA-90CA-CD7B385399AE}.Release|Win32.ActiveCfg = Release|Win32
		{7AFC2EFA-F59A-47DA-90CA-CD7B385399AE}.Release|Win32.Build.0 = Release|Win32
		{7AFC2EFA-F59A-47DA-90CA-CD7B385399AE}.Release|x64.ActiveCfg = Release|Win32
	EndGlobalSection
	GlobalSection(SolutionProperties) = preSolution
		HideSolutionNode = FALSE
	EndGlobalSection
	GlobalSection(NestedProjects) = preSolution
		{ECC4BA08-A122-4D59-8672-47E657F0E8E9} = {92847647-256C-4D96-91DD-E763A429E34C}
		{D2F33EF8-A855-D9EE-A0F1-6F13A3C5B5A1} = {ECC4BA08-A122-4D59-8672-47E657F0E8E9}
		{8AA54DDF-3CE1-897D-496A-B36E5D47ACA4} = {E18B34BB-3964-4D8E-A64B-51625240C86C}
		{E5B5F17B-4451-4219-9751-7A4F748E2299} = {E18B34BB-3964-4D8E-A64B-51625240C86C}
		{7793322D-344F-A540-46CE-1A440352EA94} = {E18B34BB-3964-4D8E-A64B-51625240C86C}
		{518573AB-6E31-62AD-2674-0385853F52A5} = {E18B34BB-3964-4D8E-A64B-51625240C86C}
		{75508344-922D-6F4F-0475-A881CD69E664} = {E18B34BB-3964-4D8E-A64B-51625240C86C}
		{00646F58-7F8C-CA3F-B114-5DB05C67E460} = {E18B34BB-3964-4D8E-A64B-51625240C86C}
		{A9D439A2-0CC4-0889-1A26-584C6D25CCAA} = {E18B34BB-3964-4D8E-A64B-51625240C86C}
		{537DB342-F97F-6CBA-73BA-454C3A12FC8F} = {E18B34BB-3964-4D8E-A64B-51625240C86C}
		{B6F58918-D71D-5D77-0E1A-474F9501EB64} = {E18B34BB-3964-4D8E-A64B-51625240C86C}
		{FD5DB884-21D0-F8EF-1533-3160C4012BF7} = {E18B34BB-3964-4D8E-A64B-51625240C86C}
		{C6D8CA75-D3B5-06DF-111E-7C3EE4CCCBBA} = {E18B34BB-3964-4D8E-A64B-51625240C86C}
		{FD0C8ADE-E30C-7B92-07B8-00DF7E2DECE4} = {E18B34BB-3964-4D8E-A64B-51625240C86C}
		{5B55FA63-0B36-463A-F0D0-78FCFEEBC727} = {E18B34BB-3964-4D8E-A64B-51625240C86C}
		{618CF3B9-4083-51B8-3259-983BC78EEF3D} = {E18B34BB-3964-4D8E-A64B-51625240C86C}
		{64BF765D-3AA2-3FDF-38EB-8D1BBEF1719B} = {E18B34BB-3964-4D8E-A64B-51625240C86C}
		{0F425C0C-9F37-A683-1CFC-EF406BD8E659} = {E18B34BB-3964-4D8E-A64B-51625240C86C}
		{DDD92A8D-E011-40AE-BC0B-C7ECE211BA87} = {E18B34BB-3964-4D8E-A64B-51625240C86C}
		{BD7C8258-9E49-BEF7-3A7D-A52E834A2E28} = {E18B34BB-3964-4D8E-A64B-51625240C86C}
		{6EBA1C9B-99CF-3FBA-F5F8-DDDD7B454800} = {E18B34BB-3964-4D8E-A64B-51625240C86C}
		{1C2E4877-493D-4AF3-9A5C-F394802D3333} = {E18B34BB-3964-4D8E-A64B-51625240C86C}
		{7AFC2EFA-F59A-47DA-90CA-CD7B385399AE} = {E18B34BB-3964-4D8E-A64B-51625240C86C}
		{06C2E551-EE96-4352-AF8D-84B764FBFF4C} = {CDE04E4D-D829-47FF-9D13-2621D92FE61E}
		{33956A86-5CD9-4C0A-4CF3-3905144E34E6} = {CDE04E4D-D829-47FF-9D13-2621D92FE61E}
		{8E37FE90-131D-447C-8FCB-84164F3B3876} = {CDE04E4D-D829-47FF-9D13-2621D92FE61E}
		{3DB31DFF-C8B4-31A5-BD7A-8E4169641476} = {06C2E551-EE96-4352-AF8D-84B764FBFF4C}
		{76D7B486-4769-68DF-4071-F7ADE35B3163} = {06C2E551-EE96-4352-AF8D-84B764FBFF4C}
		{39C658DD-755E-F44F-1B1D-7661C4912F7A} = {06C2E551-EE96-4352-AF8D-84B764FBFF4C}
		{13D3F3EC-97A2-CAF2-7DA1-D7CE39DDC85B} = {46B5AC8C-FE09-4C41-A1FE-CAC0AD5AB679}
		{2AEB13E4-2409-594F-9C79-5D1E7662E35E} = {46B5AC8C-FE09-4C41-A1FE-CAC0AD5AB679}
		{82827BDD-42DB-DAC8-66EA-9C900A84A8B5} = {46B5AC8C-FE09-4C41-A1FE-CAC0AD5AB679}
		{9541F92A-4E00-4935-9E27-781CCD888801} = {E642806D-85B1-4730-B80B-82B2A6499543}
		{A75D55CD-D278-440C-8EFC-228A51EF3A7D} = {E642806D-85B1-4730-B80B-82B2A6499543}
	EndGlobalSection
EndGlobal
