Microsoft Visual Studio Solution File, Format Version 11.00
# Visual Studio 2010
Project("{2150E333-8FDC-42A3-9474-1A3956D46DE8}") = "(source)", "..\..\..\..\webrtc\system_wrappers\source", "{38B7683E-6F16-B5E1-5F7D-9D2F85A33684}"
EndProject
Project("{2150E333-8FDC-42A3-9474-1A3956D46DE8}") = "(system_wrappers)", "..\..\..\..\webrtc\system_wrappers", "{C22DCE09-BE8E-C79C-FFD0-C3927B546C91}"
EndProject
Project("{2150E333-8FDC-42A3-9474-1A3956D46DE8}") = "(test)", "..\..\..\..\webrtc\test", "{46835DB2-71BA-66C0-5A55-04D9E2C70AA8}"
EndProject
Project("{2150E333-8FDC-42A3-9474-1A3956D46DE8}") = "(testing)", "..\..\..\..\testing", "{EAC80D00-01D2-3F49-A377-20B7154947F3}"
EndProject
Project("{2150E333-8FDC-42A3-9474-1A3956D46DE8}") = "(webrtc)", "..\..\..\..\webrtc", "{FB3E20CC-9516-F7D2-EFF7-C27ABDCA54B9}"
EndProject
Project("{8BC9CEB8-8B4A-11D0-8D11-00A0C91BC942}") = "gmock", "..\..\..\testing\gmock.vcxproj", "{9ECF3CA5-CC3D-B615-3532-9BF0533E7B3D}"
EndProject
Project("{8BC9CEB8-8B4A-11D0-8D11-00A0C91BC942}") = "gtest", "..\..\..\testing\gtest.vcxproj", "{60761CBC-50EF-E790-8024-40415DEFCA33}"
	ProjectSection(ProjectDependencies) = postProject
		{3C31448C-6A64-94E9-E966-A724848C5AC3} = {3C31448C-6A64-94E9-E966-A724848C5AC3}
	EndProjectSection
EndProject
Project("{8BC9CEB8-8B4A-11D0-8D11-00A0C91BC942}") = "gtest_prod", "..\..\..\testing\gtest_prod.vcxproj", "{3C31448C-6A64-94E9-E966-A724848C5AC3}"
EndProject
Project("{8BC9CEB8-8B4A-11D0-8D11-00A0C91BC942}") = "system_wrappers", "system_wrappers.vcxproj", "{D2F33EF8-A855-D9EE-A0F1-6F13A3C5B5A1}"
EndProject
Project("{8BC9CEB8-8B4A-11D0-8D11-00A0C91BC942}") = "system_wrappers_unittests", "system_wrappers_unittests.vcxproj", "{69C5B9F5-6F1B-25D4-67C8-CC081E8D5287}"
	ProjectSection(ProjectDependencies) = postProject
		{D2F33EF8-A855-D9EE-A0F1-6F13A3C5B5A1} = {D2F33EF8-A855-D9EE-A0F1-6F13A3C5B5A1}
		{60761CBC-50EF-E790-8024-40415DEFCA33} = {60761CBC-50EF-E790-8024-40415DEFCA33}
		{5AD88061-EE2D-98DE-0C22-BAC655A94D55} = {5AD88061-EE2D-98DE-0C22-BAC655A94D55}
		{3C31448C-6A64-94E9-E966-A724848C5AC3} = {3C31448C-6A64-94E9-E966-A724848C5AC3}
		{8C3B8B5F-D670-9466-A1D6-19E71C0C0D09} = {8C3B8B5F-D670-9466-A1D6-19E71C0C0D09}
		{9ECF3CA5-CC3D-B615-3532-9BF0533E7B3D} = {9ECF3CA5-CC3D-B615-3532-9BF0533E7B3D}
	EndProjectSection
EndProject
Project("{8BC9CEB8-8B4A-11D0-8D11-00A0C91BC942}") = "test_support", "..\..\test\test_support.vcxproj", "{8C3B8B5F-D670-9466-A1D6-19E71C0C0D09}"
EndProject
Project("{8BC9CEB8-8B4A-11D0-8D11-00A0C91BC942}") = "test_support_main", "..\..\test\test_support_main.vcxproj", "{5AD88061-EE2D-98DE-0C22-BAC655A94D55}"
EndProject
Global
	GlobalSection(SolutionConfigurationPlatforms) = preSolution
		Release|x64 = Release|x64
		Debug|Win32 = Debug|Win32
		Debug|x64 = Debug|x64
		Release|Win32 = Release|Win32
	EndGlobalSection
	GlobalSection(ProjectConfigurationPlatforms) = postSolution
		{3C31448C-6A64-94E9-E966-A724848C5AC3}.Release|x64.ActiveCfg = Release|x64
		{3C31448C-6A64-94E9-E966-A724848C5AC3}.Release|x64.Build.0 = Release|x64
		{3C31448C-6A64-94E9-E966-A724848C5AC3}.Debug|Win32.ActiveCfg = Debug|Win32
		{3C31448C-6A64-94E9-E966-A724848C5AC3}.Debug|Win32.Build.0 = Debug|Win32
		{3C31448C-6A64-94E9-E966-A724848C5AC3}.Debug|x64.ActiveCfg = Debug|x64
		{3C31448C-6A64-94E9-E966-A724848C5AC3}.Debug|x64.Build.0 = Debug|x64
		{3C31448C-6A64-94E9-E966-A724848C5AC3}.Release|Win32.ActiveCfg = Release|Win32
		{3C31448C-6A64-94E9-E966-A724848C5AC3}.Release|Win32.Build.0 = Release|Win32
		{5AD88061-EE2D-98DE-0C22-BAC655A94D55}.Release|x64.ActiveCfg = Release|x64
		{5AD88061-EE2D-98DE-0C22-BAC655A94D55}.Release|x64.Build.0 = Release|x64
		{5AD88061-EE2D-98DE-0C22-BAC655A94D55}.Debug|Win32.ActiveCfg = Debug|Win32
		{5AD88061-EE2D-98DE-0C22-BAC655A94D55}.Debug|Win32.Build.0 = Debug|Win32
		{5AD88061-EE2D-98DE-0C22-BAC655A94D55}.Debug|x64.ActiveCfg = Debug|x64
		{5AD88061-EE2D-98DE-0C22-BAC655A94D55}.Debug|x64.Build.0 = Debug|x64
		{5AD88061-EE2D-98DE-0C22-BAC655A94D55}.Release|Win32.ActiveCfg = Release|Win32
		{5AD88061-EE2D-98DE-0C22-BAC655A94D55}.Release|Win32.Build.0 = Release|Win32
		{60761CBC-50EF-E790-8024-40415DEFCA33}.Release|x64.ActiveCfg = Release|x64
		{60761CBC-50EF-E790-8024-40415DEFCA33}.Release|x64.Build.0 = Release|x64
		{60761CBC-50EF-E790-8024-40415DEFCA33}.Debug|Win32.ActiveCfg = Debug|Win32
		{60761CBC-50EF-E790-8024-40415DEFCA33}.Debug|Win32.Build.0 = Debug|Win32
		{60761CBC-50EF-E790-8024-40415DEFCA33}.Debug|x64.ActiveCfg = Debug|x64
		{60761CBC-50EF-E790-8024-40415DEFCA33}.Debug|x64.Build.0 = Debug|x64
		{60761CBC-50EF-E790-8024-40415DEFCA33}.Release|Win32.ActiveCfg = Release|Win32
		{60761CBC-50EF-E790-8024-40415DEFCA33}.Release|Win32.Build.0 = Release|Win32
		{69C5B9F5-6F1B-25D4-67C8-CC081E8D5287}.Release|x64.ActiveCfg = Release|x64
		{69C5B9F5-6F1B-25D4-67C8-CC081E8D5287}.Release|x64.Build.0 = Release|x64
		{69C5B9F5-6F1B-25D4-67C8-CC081E8D5287}.Debug|Win32.ActiveCfg = Debug|Win32
		{69C5B9F5-6F1B-25D4-67C8-CC081E8D5287}.Debug|Win32.Build.0 = Debug|Win32
		{69C5B9F5-6F1B-25D4-67C8-CC081E8D5287}.Debug|x64.ActiveCfg = Debug|x64
		{69C5B9F5-6F1B-25D4-67C8-CC081E8D5287}.Debug|x64.Build.0 = Debug|x64
		{69C5B9F5-6F1B-25D4-67C8-CC081E8D5287}.Release|Win32.ActiveCfg = Release|Win32
		{69C5B9F5-6F1B-25D4-67C8-CC081E8D5287}.Release|Win32.Build.0 = Release|Win32
		{8C3B8B5F-D670-9466-A1D6-19E71C0C0D09}.Release|x64.ActiveCfg = Release|x64
		{8C3B8B5F-D670-9466-A1D6-19E71C0C0D09}.Release|x64.Build.0 = Release|x64
		{8C3B8B5F-D670-9466-A1D6-19E71C0C0D09}.Debug|Win32.ActiveCfg = Debug|Win32
		{8C3B8B5F-D670-9466-A1D6-19E71C0C0D09}.Debug|Win32.Build.0 = Debug|Win32
		{8C3B8B5F-D670-9466-A1D6-19E71C0C0D09}.Debug|x64.ActiveCfg = Debug|x64
		{8C3B8B5F-D670-9466-A1D6-19E71C0C0D09}.Debug|x64.Build.0 = Debug|x64
		{8C3B8B5F-D670-9466-A1D6-19E71C0C0D09}.Release|Win32.ActiveCfg = Release|Win32
		{8C3B8B5F-D670-9466-A1D6-19E71C0C0D09}.Release|Win32.Build.0 = Release|Win32
		{9ECF3CA5-CC3D-B615-3532-9BF0533E7B3D}.Release|x64.ActiveCfg = Release|x64
		{9ECF3CA5-CC3D-B615-3532-9BF0533E7B3D}.Release|x64.Build.0 = Release|x64
		{9ECF3CA5-CC3D-B615-3532-9BF0533E7B3D}.Debug|Win32.ActiveCfg = Debug|Win32
		{9ECF3CA5-CC3D-B615-3532-9BF0533E7B3D}.Debug|Win32.Build.0 = Debug|Win32
		{9ECF3CA5-CC3D-B615-3532-9BF0533E7B3D}.Debug|x64.ActiveCfg = Debug|x64
		{9ECF3CA5-CC3D-B615-3532-9BF0533E7B3D}.Debug|x64.Build.0 = Debug|x64
		{9ECF3CA5-CC3D-B615-3532-9BF0533E7B3D}.Release|Win32.ActiveCfg = Release|Win32
		{9ECF3CA5-CC3D-B615-3532-9BF0533E7B3D}.Release|Win32.Build.0 = Release|Win32
		{D2F33EF8-A855-D9EE-A0F1-6F13A3C5B5A1}.Release|x64.ActiveCfg = Release|x64
		{D2F33EF8-A855-D9EE-A0F1-6F13A3C5B5A1}.Release|x64.Build.0 = Release|x64
		{D2F33EF8-A855-D9EE-A0F1-6F13A3C5B5A1}.Debug|Win32.ActiveCfg = Debug|Win32
		{D2F33EF8-A855-D9EE-A0F1-6F13A3C5B5A1}.Debug|Win32.Build.0 = Debug|Win32
		{D2F33EF8-A855-D9EE-A0F1-6F13A3C5B5A1}.Debug|x64.ActiveCfg = Debug|x64
		{D2F33EF8-A855-D9EE-A0F1-6F13A3C5B5A1}.Debug|x64.Build.0 = Debug|x64
		{D2F33EF8-A855-D9EE-A0F1-6F13A3C5B5A1}.Release|Win32.ActiveCfg = Release|Win32
		{D2F33EF8-A855-D9EE-A0F1-6F13A3C5B5A1}.Release|Win32.Build.0 = Release|Win32
	EndGlobalSection
	GlobalSection(SolutionProperties) = preSolution
		HideSolutionNode = FALSE
	EndGlobalSection
	GlobalSection(NestedProjects) = preSolution
		{D2F33EF8-A855-D9EE-A0F1-6F13A3C5B5A1} = {38B7683E-6F16-B5E1-5F7D-9D2F85A33684}
		{69C5B9F5-6F1B-25D4-67C8-CC081E8D5287} = {38B7683E-6F16-B5E1-5F7D-9D2F85A33684}
		{38B7683E-6F16-B5E1-5F7D-9D2F85A33684} = {C22DCE09-BE8E-C79C-FFD0-C3927B546C91}
		{8C3B8B5F-D670-9466-A1D6-19E71C0C0D09} = {46835DB2-71BA-66C0-5A55-04D9E2C70AA8}
		{5AD88061-EE2D-98DE-0C22-BAC655A94D55} = {46835DB2-71BA-66C0-5A55-04D9E2C70AA8}
		{9ECF3CA5-CC3D-B615-3532-9BF0533E7B3D} = {EAC80D00-01D2-3F49-A377-20B7154947F3}
		{60761CBC-50EF-E790-8024-40415DEFCA33} = {EAC80D00-01D2-3F49-A377-20B7154947F3}
		{3C31448C-6A64-94E9-E966-A724848C5AC3} = {EAC80D00-01D2-3F49-A377-20B7154947F3}
		{C22DCE09-BE8E-C79C-FFD0-C3927B546C91} = {FB3E20CC-9516-F7D2-EFF7-C27ABDCA54B9}
		{46835DB2-71BA-66C0-5A55-04D9E2C70AA8} = {FB3E20CC-9516-F7D2-EFF7-C27ABDCA54B9}
	EndGlobalSection
EndGlobal
